Microsoft Visual Studio Solution File, Format Version 12.00
# Visual Studio Version 17
VisualStudioVersion = 17.0.31903.59
MinimumVisualStudioVersion = 10.0.40219.1
Project("{9A19103F-16F7-4668-BE54-9A1E7A4F7556}") = "Shell", "Shell\Shell.csproj", "{A1111111-1111-1111-1111-111111111111}"
EndProject
Project("{2150E333-8FDC-42A3-9474-1A3956D46DE8}") = "Extensions", "Extensions", "{BE133D91-034E-1084-498B-FF24C4084A55}"
EndProject
Project("{2150E333-8FDC-42A3-9474-1A3956D46DE8}") = "HelloPage", "HelloPage", "{12E4B8CC-A5EC-C4D8-70E2-16589244E2F1}"
EndProject
Project("{FAE04EC0-301F-11D3-BF4B-00C04F79EFBC}") = "Ext.HelloPage", "Extensions\HelloPage\Ext.HelloPage.csproj", "{89E47921-E76E-4309-9D51-545C69B4F365}"
EndProject
Project("{2150E333-8FDC-42A3-9474-1A3956D46DE8}") = "HelloUserControl", "HelloUserControl", "{6C0FDBF0-FAC3-1B55-A7AB-E81A2F778963}"
EndProject
Project("{FAE04EC0-301F-11D3-BF4B-00C04F79EFBC}") = "Ext.HelloUserControl", "Extensions\HelloUserControl\Ext.HelloUserControl.csproj", "{186F9ED2-CC9A-476A-8340-0449657E0F37}"
EndProject
Global
	GlobalSection(SolutionConfigurationPlatforms) = preSolution
		Debug|Any CPU = Debug|Any CPU
		Debug|x64 = Debug|x64
		Debug|ARM64 = Debug|ARM64
		Release|Any CPU = Release|Any CPU
		Release|x64 = Release|x64
		Release|ARM64 = Release|ARM64
	EndGlobalSection
	GlobalSection(ProjectConfigurationPlatforms) = postSolution
		{A1111111-1111-1111-1111-111111111111}.Debug|Any CPU.ActiveCfg = Debug|x64
		{A1111111-1111-1111-1111-111111111111}.Debug|Any CPU.Build.0 = Debug|x64
		{A1111111-1111-1111-1111-111111111111}.Debug|x64.ActiveCfg = Debug|x64
		{A1111111-1111-1111-1111-111111111111}.Debug|x64.Build.0 = Debug|x64
		{A1111111-1111-1111-1111-111111111111}.Debug|ARM64.ActiveCfg = Debug|ARM64
		{A1111111-1111-1111-1111-111111111111}.Debug|ARM64.Build.0 = Debug|ARM64
		{A1111111-1111-1111-1111-111111111111}.Release|Any CPU.ActiveCfg = Release|x64
		{A1111111-1111-1111-1111-111111111111}.Release|Any CPU.Build.0 = Release|x64
		{A1111111-1111-1111-1111-111111111111}.Release|x64.ActiveCfg = Release|x64
		{A1111111-1111-1111-1111-111111111111}.Release|x64.Build.0 = Release|x64
		{A1111111-1111-1111-1111-111111111111}.Release|ARM64.ActiveCfg = Release|ARM64
		{A1111111-1111-1111-1111-111111111111}.Release|ARM64.Build.0 = Release|ARM64
		{89E47921-E76E-4309-9D51-545C69B4F365}.Debug|Any CPU.ActiveCfg = Debug|x64
		{89E47921-E76E-4309-9D51-545C69B4F365}.Debug|Any CPU.Build.0 = Debug|x64
		{89E47921-E76E-4309-9D51-545C69B4F365}.Debug|x64.ActiveCfg = Debug|x64
		{89E47921-E76E-4309-9D51-545C69B4F365}.Debug|x64.Build.0 = Debug|x64
		{89E47921-E76E-4309-9D51-545C69B4F365}.Debug|ARM64.ActiveCfg = Debug|ARM64
		{89E47921-E76E-4309-9D51-545C69B4F365}.Debug|ARM64.Build.0 = Debug|ARM64
		{89E47921-E76E-4309-9D51-545C69B4F365}.Release|Any CPU.ActiveCfg = Release|x64
		{89E47921-E76E-4309-9D51-545C69B4F365}.Release|Any CPU.Build.0 = Release|x64
		{89E47921-E76E-4309-9D51-545C69B4F365}.Release|x64.ActiveCfg = Release|x64
		{89E47921-E76E-4309-9D51-545C69B4F365}.Release|x64.Build.0 = Release|x64
		{89E47921-E76E-4309-9D51-545C69B4F365}.Release|ARM64.ActiveCfg = Release|ARM64
		{89E47921-E76E-4309-9D51-545C69B4F365}.Release|ARM64.Build.0 = Release|ARM64
		{186F9ED2-CC9A-476A-8340-0449657E0F37}.Debug|Any CPU.ActiveCfg = Debug|x64
		{186F9ED2-CC9A-476A-8340-0449657E0F37}.Debug|Any CPU.Build.0 = Debug|x64
		{186F9ED2-CC9A-476A-8340-0449657E0F37}.Debug|x64.ActiveCfg = Debug|x64
		{186F9ED2-CC9A-476A-8340-0449657E0F37}.Debug|x64.Build.0 = Debug|x64
		{186F9ED2-CC9A-476A-8340-0449657E0F37}.Debug|ARM64.ActiveCfg = Debug|ARM64
		{186F9ED2-CC9A-476A-8340-0449657E0F37}.Debug|ARM64.Build.0 = Debug|ARM64
		{186F9ED2-CC9A-476A-8340-0449657E0F37}.Release|Any CPU.ActiveCfg = Release|x64
		{186F9ED2-CC9A-476A-8340-0449657E0F37}.Release|Any CPU.Build.0 = Release|x64
		{186F9ED2-CC9A-476A-8340-0449657E0F37}.Release|x64.ActiveCfg = Release|x64
		{186F9ED2-CC9A-476A-8340-0449657E0F37}.Release|x64.Build.0 = Release|x64
		{186F9ED2-CC9A-476A-8340-0449657E0F37}.Release|ARM64.ActiveCfg = Release|ARM64
		{186F9ED2-CC9A-476A-8340-0449657E0F37}.Release|ARM64.Build.0 = Release|ARM64
	EndGlobalSection
	GlobalSection(SolutionProperties) = preSolution
		HideSolutionNode = FALSE
	EndGlobalSection
	GlobalSection(NestedProjects) = preSolution
		{12E4B8CC-A5EC-C4D8-70E2-16589244E2F1} = {BE133D91-034E-1084-498B-FF24C4084A55}
		{89E47921-E76E-4309-9D51-545C69B4F365} = {12E4B8CC-A5EC-C4D8-70E2-16589244E2F1}
		{6C0FDBF0-FAC3-1B55-A7AB-E81A2F778963} = {BE133D91-034E-1084-498B-FF24C4084A55}
		{186F9ED2-CC9A-476A-8340-0449657E0F37} = {6C0FDBF0-FAC3-1B55-A7AB-E81A2F778963}
	EndGlobalSection
EndGlobal
