
Microsoft Visual Studio Solution File, Format Version 12.00
# Visual Studio Version 17
VisualStudioVersion = 17.0.31903.59
MinimumVisualStudioVersion = 10.0.40219.1
Project("{9A19103F-16F7-4668-BE54-9A1E7A4F7556}") = "Shell", "Shell\Shell.csproj", "{A1111111-1111-1111-1111-111111111111}"
EndProject
Project("{2150E333-8FDC-42A3-9474-1A3956D46DE8}") = "Extensions", "Extensions", "{BE133D91-034E-1084-498B-FF24C4084A55}"
EndProject
Project("{2150E333-8FDC-42A3-9474-1A3956D46DE8}") = "HelloUserControl", "HelloUserControl", "{6C0FDBF0-FAC3-1B55-A7AB-E81A2F778963}"
EndProject
Project("{FAE04EC0-301F-11D3-BF4B-00C04F79EFBC}") = "Ext.HelloUserControl", "Extensions\HelloUserControl\Ext.HelloUserControl.csproj", "{38AB7833-C0AE-4832-9550-E12DC36041FE}"
EndProject
Project("{2150E333-8FDC-42A3-9474-1A3956D46DE8}") = "HelloPage", "HelloPage", "{12E4B8CC-A5EC-C4D8-70E2-16589244E2F1}"
EndProject
Project("{FAE04EC0-301F-11D3-BF4B-00C04F79EFBC}") = "Ext.HelloPage", "Extensions\HelloPage\Ext.HelloPage.csproj", "{753626BA-E940-4E37-96F6-AC56FACDFBCE}"
EndProject
Global
	GlobalSection(SolutionConfigurationPlatforms) = preSolution
		Debug|x64 = Debug|x64
		Debug|ARM64 = Debug|ARM64
		Debug|Any CPU = Debug|Any CPU
		Debug|x86 = Debug|x86
		Release|x64 = Release|x64
		Release|ARM64 = Release|ARM64
		Release|Any CPU = Release|Any CPU
		Release|x86 = Release|x86
	EndGlobalSection
	GlobalSection(ProjectConfigurationPlatforms) = postSolution
		{A1111111-1111-1111-1111-111111111111}.Debug|x64.ActiveCfg = Debug|x64
		{A1111111-1111-1111-1111-111111111111}.Debug|x64.Build.0 = Debug|x64
		{A1111111-1111-1111-1111-111111111111}.Debug|ARM64.ActiveCfg = Debug|ARM64
		{A1111111-1111-1111-1111-111111111111}.Debug|ARM64.Build.0 = Debug|ARM64
		{A1111111-1111-1111-1111-111111111111}.Debug|Any CPU.ActiveCfg = Debug|Any CPU
		{A1111111-1111-1111-1111-111111111111}.Debug|Any CPU.Build.0 = Debug|Any CPU
		{A1111111-1111-1111-1111-111111111111}.Debug|x86.ActiveCfg = Debug|Any CPU
		{A1111111-1111-1111-1111-111111111111}.Debug|x86.Build.0 = Debug|Any CPU
		{A1111111-1111-1111-1111-111111111111}.Release|x64.ActiveCfg = Release|x64
		{A1111111-1111-1111-1111-111111111111}.Release|x64.Build.0 = Release|x64
		{A1111111-1111-1111-1111-111111111111}.Release|ARM64.ActiveCfg = Release|ARM64
		{A1111111-1111-1111-1111-111111111111}.Release|ARM64.Build.0 = Release|ARM64
		{A1111111-1111-1111-1111-111111111111}.Release|Any CPU.ActiveCfg = Release|Any CPU
		{A1111111-1111-1111-1111-111111111111}.Release|Any CPU.Build.0 = Release|Any CPU
		{A1111111-1111-1111-1111-111111111111}.Release|x86.ActiveCfg = Release|Any CPU
		{A1111111-1111-1111-1111-111111111111}.Release|x86.Build.0 = Release|Any CPU
		{38AB7833-C0AE-4832-9550-E12DC36041FE}.Debug|x64.ActiveCfg = Debug|x64
		{38AB7833-C0AE-4832-9550-E12DC36041FE}.Debug|x64.Build.0 = Debug|x64
		{38AB7833-C0AE-4832-9550-E12DC36041FE}.Debug|ARM64.ActiveCfg = Debug|ARM64
		{38AB7833-C0AE-4832-9550-E12DC36041FE}.Debug|ARM64.Build.0 = Debug|ARM64
		{38AB7833-C0AE-4832-9550-E12DC36041FE}.Debug|Any CPU.ActiveCfg = Debug|x64
		{38AB7833-C0AE-4832-9550-E12DC36041FE}.Debug|Any CPU.Build.0 = Debug|x64
		{38AB7833-C0AE-4832-9550-E12DC36041FE}.Debug|x86.ActiveCfg = Debug|x64
		{38AB7833-C0AE-4832-9550-E12DC36041FE}.Debug|x86.Build.0 = Debug|x64
		{38AB7833-C0AE-4832-9550-E12DC36041FE}.Release|x64.ActiveCfg = Release|x64
		{38AB7833-C0AE-4832-9550-E12DC36041FE}.Release|x64.Build.0 = Release|x64
		{38AB7833-C0AE-4832-9550-E12DC36041FE}.Release|ARM64.ActiveCfg = Release|ARM64
		{38AB7833-C0AE-4832-9550-E12DC36041FE}.Release|ARM64.Build.0 = Release|ARM64
		{38AB7833-C0AE-4832-9550-E12DC36041FE}.Release|Any CPU.ActiveCfg = Release|x64
		{38AB7833-C0AE-4832-9550-E12DC36041FE}.Release|Any CPU.Build.0 = Release|x64
		{38AB7833-C0AE-4832-9550-E12DC36041FE}.Release|x86.ActiveCfg = Release|x64
		{38AB7833-C0AE-4832-9550-E12DC36041FE}.Release|x86.Build.0 = Release|x64
		{753626BA-E940-4E37-96F6-AC56FACDFBCE}.Debug|x64.ActiveCfg = Debug|x64
		{753626BA-E940-4E37-96F6-AC56FACDFBCE}.Debug|x64.Build.0 = Debug|x64
		{753626BA-E940-4E37-96F6-AC56FACDFBCE}.Debug|ARM64.ActiveCfg = Debug|ARM64
		{753626BA-E940-4E37-96F6-AC56FACDFBCE}.Debug|ARM64.Build.0 = Debug|ARM64
		{753626BA-E940-4E37-96F6-AC56FACDFBCE}.Debug|Any CPU.ActiveCfg = Debug|x64
		{753626BA-E940-4E37-96F6-AC56FACDFBCE}.Debug|Any CPU.Build.0 = Debug|x64
		{753626BA-E940-4E37-96F6-AC56FACDFBCE}.Debug|x86.ActiveCfg = Debug|x64
		{753626BA-E940-4E37-96F6-AC56FACDFBCE}.Debug|x86.Build.0 = Debug|x64
		{753626BA-E940-4E37-96F6-AC56FACDFBCE}.Release|x64.ActiveCfg = Release|x64
		{753626BA-E940-4E37-96F6-AC56FACDFBCE}.Release|x64.Build.0 = Release|x64
		{753626BA-E940-4E37-96F6-AC56FACDFBCE}.Release|ARM64.ActiveCfg = Release|ARM64
		{753626BA-E940-4E37-96F6-AC56FACDFBCE}.Release|ARM64.Build.0 = Release|ARM64
		{753626BA-E940-4E37-96F6-AC56FACDFBCE}.Release|Any CPU.ActiveCfg = Release|x64
		{753626BA-E940-4E37-96F6-AC56FACDFBCE}.Release|Any CPU.Build.0 = Release|x64
		{753626BA-E940-4E37-96F6-AC56FACDFBCE}.Release|x86.ActiveCfg = Release|x64
		{753626BA-E940-4E37-96F6-AC56FACDFBCE}.Release|x86.Build.0 = Release|x64
	EndGlobalSection
	GlobalSection(SolutionProperties) = preSolution
		HideSolutionNode = FALSE
	EndGlobalSection
	GlobalSection(NestedProjects) = preSolution
		{6C0FDBF0-FAC3-1B55-A7AB-E81A2F778963} = {BE133D91-034E-1084-498B-FF24C4084A55}
		{38AB7833-C0AE-4832-9550-E12DC36041FE} = {6C0FDBF0-FAC3-1B55-A7AB-E81A2F778963}
		{12E4B8CC-A5EC-C4D8-70E2-16589244E2F1} = {BE133D91-034E-1084-498B-FF24C4084A55}
		{753626BA-E940-4E37-96F6-AC56FACDFBCE} = {12E4B8CC-A5EC-C4D8-70E2-16589244E2F1}
	EndGlobalSection
EndGlobal
